
Microsoft Visual Studio Solution File, Format Version 12.00
# Visual Studio 15
VisualStudioVersion = 15.0.26730.15
MinimumVisualStudioVersion = 10.0.40219.1
Project("{FAE04EC0-301F-11D3-BF4B-00C04F79EFBC}") = "Heladeria", "Heladeria\Heladeria.csproj", "{329F3CD1-5C53-4FFE-934C-75D525D3CD78}"
EndProject
Project("{FAE04EC0-301F-11D3-BF4B-00C04F79EFBC}") = "GestorBaseDatos", "..\..\Heladeria\GestorBaseDatos\GestorBaseDatos.csproj", "{2B31CAF7-A209-454C-B9D8-7B0CC17161F1}"
EndProject
Global
	GlobalSection(SolutionConfigurationPlatforms) = preSolution
		Debug|Any CPU = Debug|Any CPU
		Release|Any CPU = Release|Any CPU
	EndGlobalSection
	GlobalSection(ProjectConfigurationPlatforms) = postSolution
		{329F3CD1-5C53-4FFE-934C-75D525D3CD78}.Debug|Any CPU.ActiveCfg = Debug|Any CPU
		{329F3CD1-5C53-4FFE-934C-75D525D3CD78}.Debug|Any CPU.Build.0 = Debug|Any CPU
		{329F3CD1-5C53-4FFE-934C-75D525D3CD78}.Release|Any CPU.ActiveCfg = Release|Any CPU
		{329F3CD1-5C53-4FFE-934C-75D525D3CD78}.Release|Any CPU.Build.0 = Release|Any CPU
		{2B31CAF7-A209-454C-B9D8-7B0CC17161F1}.Debug|Any CPU.ActiveCfg = Debug|Any CPU
		{2B31CAF7-A209-454C-B9D8-7B0CC17161F1}.Debug|Any CPU.Build.0 = Debug|Any CPU
		{2B31CAF7-A209-454C-B9D8-7B0CC17161F1}.Release|Any CPU.ActiveCfg = Release|Any CPU
		{2B31CAF7-A209-454C-B9D8-7B0CC17161F1}.Release|Any CPU.Build.0 = Release|Any CPU
	EndGlobalSection
	GlobalSection(SolutionProperties) = preSolution
		HideSolutionNode = FALSE
	EndGlobalSection
	GlobalSection(ExtensibilityGlobals) = postSolution
		SolutionGuid = {F2A44DFB-2D4D-4F12-8E0A-C5FF20B4E5C8}
	EndGlobalSection
EndGlobal
